
Microsoft Visual Studio Solution File, Format Version 12.00
# Visual Studio Version 17
VisualStudioVersion = 17.11.35327.3
MinimumVisualStudioVersion = 10.0.40219.1
Project("{2150E333-8FDC-42A3-9474-1A3956D46DE8}") = "Task0", "Task0", "{3ABDDEF7-F4E2-4F86-B919-710782FE4417}"
EndProject
Project("{9A19103F-16F7-4668-BE54-9A1E7A4F7556}") = "Tyuiu.DylginA.Sprint6.Task0.V22.Lib", "Tyuiu.DylginA.Sprint6.Task0.V22.Lib\Tyuiu.DylginA.Sprint6.Task0.V22.Lib.csproj", "{E465D78E-A583-4F9A-8AD9-DBB3EDD63633}"
EndProject
Project("{9A19103F-16F7-4668-BE54-9A1E7A4F7556}") = "Tyuiu.DylginA.Sprint6.Task0.V22.Test", "Tyuiu.DylginA.Sprint6.Task0.V22.Test\Tyuiu.DylginA.Sprint6.Task0.V22.Test.csproj", "{3F42D7B8-1CFD-49A1-8BF9-F811C8271B9A}"
EndProject
Project("{9A19103F-16F7-4668-BE54-9A1E7A4F7556}") = "Tyuiu.DylginA.Sprint6.Task0.V22", "Tyuiu.DylginA.Sprint6.Task0.V22\Tyuiu.DylginA.Sprint6.Task0.V22.csproj", "{65C2464D-B5B4-4BFE-9E6D-835A39E143A9}"
EndProject
Project("{2150E333-8FDC-42A3-9474-1A3956D46DE8}") = "Task1", "Task1", "{83505D0F-C6E3-47F8-89B0-F692FEFCDAC0}"
EndProject
Project("{9A19103F-16F7-4668-BE54-9A1E7A4F7556}") = "Tyuiu.DylginA.Sprint6.Task1.V22", "Tyuiu.DylginA.Sprint6.Task1.V22\Tyuiu.DylginA.Sprint6.Task1.V22.csproj", "{8F6D6436-CD56-4B90-BACE-FDB5EA1377DF}"
EndProject
Project("{9A19103F-16F7-4668-BE54-9A1E7A4F7556}") = "Tyuiu.DylginA.Sprint6.Task1.V22.Lib", "Tyuiu.DylginA.Sprint6.Task1.V22.Lib\Tyuiu.DylginA.Sprint6.Task1.V22.Lib.csproj", "{5DB2E534-A37E-475C-A45F-1537561A6782}"
EndProject
Project("{9A19103F-16F7-4668-BE54-9A1E7A4F7556}") = "Tyuiu.DylginA.Sprint6.Task1.V22.Test", "Tyuiu.DylginA.Sprint6.Task1.V22.Test\Tyuiu.DylginA.Sprint6.Task1.V22.Test.csproj", "{B89FBC58-4B72-4CC8-8288-F9D59D14F719}"
EndProject
Project("{2150E333-8FDC-42A3-9474-1A3956D46DE8}") = "Task2", "Task2", "{A328B596-C019-4006-9342-702A92627630}"
EndProject
Project("{9A19103F-16F7-4668-BE54-9A1E7A4F7556}") = "Tyuiu.DylginA.Sprint6.Task2.V20", "Tyuiu.DylginA.Sprint6.Task2.V20\Tyuiu.DylginA.Sprint6.Task2.V20.csproj", "{DC31502F-66EC-42E5-A925-C69928F7BA1C}"
EndProject
Project("{9A19103F-16F7-4668-BE54-9A1E7A4F7556}") = "Tyuiu.DylginA.Sprint6.Task2.V20.Lib", "Tyuiu.DylginA.Sprint6.Task2.V20.Lib\Tyuiu.DylginA.Sprint6.Task2.V20.Lib.csproj", "{DA6EC2EA-CCD4-4E02-A27A-B7ED6ABD80AB}"
EndProject
Project("{9A19103F-16F7-4668-BE54-9A1E7A4F7556}") = "Tyuiu.DylginA.Sprint6.Task2.V20.Test", "Tyuiu.DylginA.Sprint6.Task2.V20.Test\Tyuiu.DylginA.Sprint6.Task2.V20.Test.csproj", "{98B14254-C56F-47FC-A4B1-4F64B6F5ECAD}"
EndProject
Project("{2150E333-8FDC-42A3-9474-1A3956D46DE8}") = "Task3", "Task3", "{52A672DD-C32E-4C5E-8D31-913F36C15C0A}"
EndProject
Project("{9A19103F-16F7-4668-BE54-9A1E7A4F7556}") = "Tyuiu.DylginA.Sprint6.Task3.V5", "Tyuiu.DylginA.Sprint6.Task3.V5\Tyuiu.DylginA.Sprint6.Task3.V5.csproj", "{150DA33A-77BD-4DCD-9589-240A1E05F41A}"
EndProject
Project("{9A19103F-16F7-4668-BE54-9A1E7A4F7556}") = "Tyuiu.DylginA.Sprint6.Task3.V5.Lib", "Tyuiu.DylginA.Sprint6.Task3.V5.Lib\Tyuiu.DylginA.Sprint6.Task3.V5.Lib.csproj", "{24B75D41-7DB0-496C-ADBC-E1A62DE87F5E}"
EndProject
Project("{9A19103F-16F7-4668-BE54-9A1E7A4F7556}") = "Tyuiu.DylginA.Sprint6.Task3.V5.Test", "Tyuiu.DylginA.Sprint6.Task3.V5.Test\Tyuiu.DylginA.Sprint6.Task3.V5.Test.csproj", "{708417DE-A9BC-4082-AE80-972406A3382E}"
EndProject
Project("{2150E333-8FDC-42A3-9474-1A3956D46DE8}") = "Task4", "Task4", "{9334AD7C-E618-4942-8377-BA56931AAB2F}"
EndProject
Project("{9A19103F-16F7-4668-BE54-9A1E7A4F7556}") = "Tyuiu.DylginA.Sprint6.Task4.V8", "Tyuiu.DylginA.Sprint6.Task4.V8\Tyuiu.DylginA.Sprint6.Task4.V8.csproj", "{9CF87192-EB7E-4C69-AA3B-FB7A09108C55}"
EndProject
Project("{9A19103F-16F7-4668-BE54-9A1E7A4F7556}") = "Tyuiu.DylginA.Sprint6.Task4.V8.Lib", "Tyuiu.DylginA.Sprint6.Task4.V8.Lib\Tyuiu.DylginA.Sprint6.Task4.V8.Lib.csproj", "{BE6E7BE6-44F7-4F62-8C62-311E553260E4}"
EndProject
Project("{9A19103F-16F7-4668-BE54-9A1E7A4F7556}") = "Tyuiu.DylginA.Sprint6.Task4.V8.Test", "Tyuiu.DylginA.Sprint6.Task4.V8.Test\Tyuiu.DylginA.Sprint6.Task4.V8.Test.csproj", "{437C182E-066E-491E-A5A6-A50A5CE01BCA}"
EndProject
Project("{2150E333-8FDC-42A3-9474-1A3956D46DE8}") = "Task5", "Task5", "{165C2CDA-13E7-4AE3-90BA-57CCD6059C04}"
EndProject
Project("{FAE04EC0-301F-11D3-BF4B-00C04F79EFBC}") = "Tyuiu.DylginA.Sprint6.Task5.V1", "Tyuiu.DylginA.Sprint6.Task5.V1\Tyuiu.DylginA.Sprint6.Task5.V1.csproj", "{664E9EFA-5574-48D7-9466-41C9537FBF6C}"
EndProject
Project("{FAE04EC0-301F-11D3-BF4B-00C04F79EFBC}") = "Tyuiu.DylginA.Sprint6.Task5.V1.Lib", "Tyuiu.DylginA.Sprint6.Task5.V1.Lib\Tyuiu.DylginA.Sprint6.Task5.V1.Lib.csproj", "{EDAFB88D-691E-49AF-92E4-10C9CD2174ED}"
EndProject
Project("{FAE04EC0-301F-11D3-BF4B-00C04F79EFBC}") = "Tyuiu.DylginA.Sprint6.Task5.V1.Test", "Tyuiu.DylginA.Sprint6.Task5.V1.Test\Tyuiu.DylginA.Sprint6.Task5.V1.Test.csproj", "{B12E37F4-E5A7-4EDF-B275-E4A00C926C88}"
EndProject
Project("{2150E333-8FDC-42A3-9474-1A3956D46DE8}") = "Task6", "Task6", "{0F13D36B-DD62-4FE6-9699-D2FBB0420A05}"
EndProject
Project("{FAE04EC0-301F-11D3-BF4B-00C04F79EFBC}") = "Tyuiu.DylginA.Sprint6.Task6.V10", "Tyuiu.DylginA.Sprint6.Task6.V10\Tyuiu.DylginA.Sprint6.Task6.V10.csproj", "{8282E237-81E9-42A8-92EC-027AD3187E27}"
EndProject
Project("{FAE04EC0-301F-11D3-BF4B-00C04F79EFBC}") = "Tyuiu.DylginA.Sprint6.Task6.V10.Lib", "Tyuiu.DylginA.Sprint6.Task6.V10.Lib\Tyuiu.DylginA.Sprint6.Task6.V10.Lib.csproj", "{D94FB3B4-4169-41DD-A9AF-DC16EEC97EF8}"
EndProject
Project("{FAE04EC0-301F-11D3-BF4B-00C04F79EFBC}") = "Tyuiu.DylginA.Sprint6.Task6.V10.Test", "Tyuiu.DylginA.Sprint6.Task6.V10.Test\Tyuiu.DylginA.Sprint6.Task6.V10.Test.csproj", "{7B97E216-713F-4391-8BD8-F9A8EE2CBCD9}"
EndProject
Project("{2150E333-8FDC-42A3-9474-1A3956D46DE8}") = "Task7", "Task7", "{AAA939A4-C52C-4907-A10B-07A61AA41001}"
EndProject
Project("{FAE04EC0-301F-11D3-BF4B-00C04F79EFBC}") = "Tyuiu.DylginA.Sprint6.Task7.V17", "Tyuiu.DylginA.Sprint6.Task7.V17\Tyuiu.DylginA.Sprint6.Task7.V17.csproj", "{D930C38D-CA4E-4896-9186-779D4B34595A}"
EndProject
Project("{FAE04EC0-301F-11D3-BF4B-00C04F79EFBC}") = "Tyuiu.DylginA.Sprint6.Task7.V17.Lib", "Tyuiu.DylginA.Sprint6.Task7.V17.Lib\Tyuiu.DylginA.Sprint6.Task7.V17.Lib.csproj", "{57F260B0-AFBC-433F-9608-6B1270830C6A}"
EndProject
Project("{FAE04EC0-301F-11D3-BF4B-00C04F79EFBC}") = "Tyuiu.DylginA.Sprint6.Task7.V17.Test", "Tyuiu.DylginA.Sprint6.Task7.V17.Test\Tyuiu.DylginA.Sprint6.Task7.V17.Test.csproj", "{FCCF0B34-D21A-4A93-A258-ACD47EEBF1F6}"
EndProject
Global
	GlobalSection(SolutionConfigurationPlatforms) = preSolution
		Debug|Any CPU = Debug|Any CPU
		Release|Any CPU = Release|Any CPU
	EndGlobalSection
	GlobalSection(ProjectConfigurationPlatforms) = postSolution
		{E465D78E-A583-4F9A-8AD9-DBB3EDD63633}.Debug|Any CPU.ActiveCfg = Debug|Any CPU
		{E465D78E-A583-4F9A-8AD9-DBB3EDD63633}.Debug|Any CPU.Build.0 = Debug|Any CPU
		{E465D78E-A583-4F9A-8AD9-DBB3EDD63633}.Release|Any CPU.ActiveCfg = Release|Any CPU
		{E465D78E-A583-4F9A-8AD9-DBB3EDD63633}.Release|Any CPU.Build.0 = Release|Any CPU
		{3F42D7B8-1CFD-49A1-8BF9-F811C8271B9A}.Debug|Any CPU.ActiveCfg = Debug|Any CPU
		{3F42D7B8-1CFD-49A1-8BF9-F811C8271B9A}.Debug|Any CPU.Build.0 = Debug|Any CPU
		{3F42D7B8-1CFD-49A1-8BF9-F811C8271B9A}.Release|Any CPU.ActiveCfg = Release|Any CPU
		{3F42D7B8-1CFD-49A1-8BF9-F811C8271B9A}.Release|Any CPU.Build.0 = Release|Any CPU
		{65C2464D-B5B4-4BFE-9E6D-835A39E143A9}.Debug|Any CPU.ActiveCfg = Debug|Any CPU
		{65C2464D-B5B4-4BFE-9E6D-835A39E143A9}.Debug|Any CPU.Build.0 = Debug|Any CPU
		{65C2464D-B5B4-4BFE-9E6D-835A39E143A9}.Release|Any CPU.ActiveCfg = Release|Any CPU
		{65C2464D-B5B4-4BFE-9E6D-835A39E143A9}.Release|Any CPU.Build.0 = Release|Any CPU
		{8F6D6436-CD56-4B90-BACE-FDB5EA1377DF}.Debug|Any CPU.ActiveCfg = Debug|Any CPU
		{8F6D6436-CD56-4B90-BACE-FDB5EA1377DF}.Debug|Any CPU.Build.0 = Debug|Any CPU
		{8F6D6436-CD56-4B90-BACE-FDB5EA1377DF}.Release|Any CPU.ActiveCfg = Release|Any CPU
		{8F6D6436-CD56-4B90-BACE-FDB5EA1377DF}.Release|Any CPU.Build.0 = Release|Any CPU
		{5DB2E534-A37E-475C-A45F-1537561A6782}.Debug|Any CPU.ActiveCfg = Debug|Any CPU
		{5DB2E534-A37E-475C-A45F-1537561A6782}.Debug|Any CPU.Build.0 = Debug|Any CPU
		{5DB2E534-A37E-475C-A45F-1537561A6782}.Release|Any CPU.ActiveCfg = Release|Any CPU
		{5DB2E534-A37E-475C-A45F-1537561A6782}.Release|Any CPU.Build.0 = Release|Any CPU
		{B89FBC58-4B72-4CC8-8288-F9D59D14F719}.Debug|Any CPU.ActiveCfg = Debug|Any CPU
		{B89FBC58-4B72-4CC8-8288-F9D59D14F719}.Debug|Any CPU.Build.0 = Debug|Any CPU
		{B89FBC58-4B72-4CC8-8288-F9D59D14F719}.Release|Any CPU.ActiveCfg = Release|Any CPU
		{B89FBC58-4B72-4CC8-8288-F9D59D14F719}.Release|Any CPU.Build.0 = Release|Any CPU
		{DC31502F-66EC-42E5-A925-C69928F7BA1C}.Debug|Any CPU.ActiveCfg = Debug|Any CPU
		{DC31502F-66EC-42E5-A925-C69928F7BA1C}.Debug|Any CPU.Build.0 = Debug|Any CPU
		{DC31502F-66EC-42E5-A925-C69928F7BA1C}.Release|Any CPU.ActiveCfg = Release|Any CPU
		{DC31502F-66EC-42E5-A925-C69928F7BA1C}.Release|Any CPU.Build.0 = Release|Any CPU
		{DA6EC2EA-CCD4-4E02-A27A-B7ED6ABD80AB}.Debug|Any CPU.ActiveCfg = Debug|Any CPU
		{DA6EC2EA-CCD4-4E02-A27A-B7ED6ABD80AB}.Debug|Any CPU.Build.0 = Debug|Any CPU
		{DA6EC2EA-CCD4-4E02-A27A-B7ED6ABD80AB}.Release|Any CPU.ActiveCfg = Release|Any CPU
		{DA6EC2EA-CCD4-4E02-A27A-B7ED6ABD80AB}.Release|Any CPU.Build.0 = Release|Any CPU
		{98B14254-C56F-47FC-A4B1-4F64B6F5ECAD}.Debug|Any CPU.ActiveCfg = Debug|Any CPU
		{98B14254-C56F-47FC-A4B1-4F64B6F5ECAD}.Debug|Any CPU.Build.0 = Debug|Any CPU
		{98B14254-C56F-47FC-A4B1-4F64B6F5ECAD}.Release|Any CPU.ActiveCfg = Release|Any CPU
		{98B14254-C56F-47FC-A4B1-4F64B6F5ECAD}.Release|Any CPU.Build.0 = Release|Any CPU
		{150DA33A-77BD-4DCD-9589-240A1E05F41A}.Debug|Any CPU.ActiveCfg = Debug|Any CPU
		{150DA33A-77BD-4DCD-9589-240A1E05F41A}.Debug|Any CPU.Build.0 = Debug|Any CPU
		{150DA33A-77BD-4DCD-9589-240A1E05F41A}.Release|Any CPU.ActiveCfg = Release|Any CPU
		{150DA33A-77BD-4DCD-9589-240A1E05F41A}.Release|Any CPU.Build.0 = Release|Any CPU
		{24B75D41-7DB0-496C-ADBC-E1A62DE87F5E}.Debug|Any CPU.ActiveCfg = Debug|Any CPU
		{24B75D41-7DB0-496C-ADBC-E1A62DE87F5E}.Debug|Any CPU.Build.0 = Debug|Any CPU
		{24B75D41-7DB0-496C-ADBC-E1A62DE87F5E}.Release|Any CPU.ActiveCfg = Release|Any CPU
		{24B75D41-7DB0-496C-ADBC-E1A62DE87F5E}.Release|Any CPU.Build.0 = Release|Any CPU
		{708417DE-A9BC-4082-AE80-972406A3382E}.Debug|Any CPU.ActiveCfg = Debug|Any CPU
		{708417DE-A9BC-4082-AE80-972406A3382E}.Debug|Any CPU.Build.0 = Debug|Any CPU
		{708417DE-A9BC-4082-AE80-972406A3382E}.Release|Any CPU.ActiveCfg = Release|Any CPU
		{708417DE-A9BC-4082-AE80-972406A3382E}.Release|Any CPU.Build.0 = Release|Any CPU
		{9CF87192-EB7E-4C69-AA3B-FB7A09108C55}.Debug|Any CPU.ActiveCfg = Debug|Any CPU
		{9CF87192-EB7E-4C69-AA3B-FB7A09108C55}.Debug|Any CPU.Build.0 = Debug|Any CPU
		{9CF87192-EB7E-4C69-AA3B-FB7A09108C55}.Release|Any CPU.ActiveCfg = Release|Any CPU
		{9CF87192-EB7E-4C69-AA3B-FB7A09108C55}.Release|Any CPU.Build.0 = Release|Any CPU
		{BE6E7BE6-44F7-4F62-8C62-311E553260E4}.Debug|Any CPU.ActiveCfg = Debug|Any CPU
		{BE6E7BE6-44F7-4F62-8C62-311E553260E4}.Debug|Any CPU.Build.0 = Debug|Any CPU
		{BE6E7BE6-44F7-4F62-8C62-311E553260E4}.Release|Any CPU.ActiveCfg = Release|Any CPU
		{BE6E7BE6-44F7-4F62-8C62-311E553260E4}.Release|Any CPU.Build.0 = Release|Any CPU
		{437C182E-066E-491E-A5A6-A50A5CE01BCA}.Debug|Any CPU.ActiveCfg = Debug|Any CPU
		{437C182E-066E-491E-A5A6-A50A5CE01BCA}.Debug|Any CPU.Build.0 = Debug|Any CPU
		{437C182E-066E-491E-A5A6-A50A5CE01BCA}.Release|Any CPU.ActiveCfg = Release|Any CPU
		{437C182E-066E-491E-A5A6-A50A5CE01BCA}.Release|Any CPU.Build.0 = Release|Any CPU
		{664E9EFA-5574-48D7-9466-41C9537FBF6C}.Debug|Any CPU.ActiveCfg = Debug|Any CPU
		{664E9EFA-5574-48D7-9466-41C9537FBF6C}.Debug|Any CPU.Build.0 = Debug|Any CPU
		{664E9EFA-5574-48D7-9466-41C9537FBF6C}.Release|Any CPU.ActiveCfg = Release|Any CPU
		{664E9EFA-5574-48D7-9466-41C9537FBF6C}.Release|Any CPU.Build.0 = Release|Any CPU
		{EDAFB88D-691E-49AF-92E4-10C9CD2174ED}.Debug|Any CPU.ActiveCfg = Debug|Any CPU
		{EDAFB88D-691E-49AF-92E4-10C9CD2174ED}.Debug|Any CPU.Build.0 = Debug|Any CPU
		{EDAFB88D-691E-49AF-92E4-10C9CD2174ED}.Release|Any CPU.ActiveCfg = Release|Any CPU
		{EDAFB88D-691E-49AF-92E4-10C9CD2174ED}.Release|Any CPU.Build.0 = Release|Any CPU
		{B12E37F4-E5A7-4EDF-B275-E4A00C926C88}.Debug|Any CPU.ActiveCfg = Debug|Any CPU
		{B12E37F4-E5A7-4EDF-B275-E4A00C926C88}.Debug|Any CPU.Build.0 = Debug|Any CPU
		{B12E37F4-E5A7-4EDF-B275-E4A00C926C88}.Release|Any CPU.ActiveCfg = Release|Any CPU
		{B12E37F4-E5A7-4EDF-B275-E4A00C926C88}.Release|Any CPU.Build.0 = Release|Any CPU
		{8282E237-81E9-42A8-92EC-027AD3187E27}.Debug|Any CPU.ActiveCfg = Debug|Any CPU
		{8282E237-81E9-42A8-92EC-027AD3187E27}.Debug|Any CPU.Build.0 = Debug|Any CPU
		{8282E237-81E9-42A8-92EC-027AD3187E27}.Release|Any CPU.ActiveCfg = Release|Any CPU
		{8282E237-81E9-42A8-92EC-027AD3187E27}.Release|Any CPU.Build.0 = Release|Any CPU
		{D94FB3B4-4169-41DD-A9AF-DC16EEC97EF8}.Debug|Any CPU.ActiveCfg = Debug|Any CPU
		{D94FB3B4-4169-41DD-A9AF-DC16EEC97EF8}.Debug|Any CPU.Build.0 = Debug|Any CPU
		{D94FB3B4-4169-41DD-A9AF-DC16EEC97EF8}.Release|Any CPU.ActiveCfg = Release|Any CPU
		{D94FB3B4-4169-41DD-A9AF-DC16EEC97EF8}.Release|Any CPU.Build.0 = Release|Any CPU
		{7B97E216-713F-4391-8BD8-F9A8EE2CBCD9}.Debug|Any CPU.ActiveCfg = Debug|Any CPU
		{7B97E216-713F-4391-8BD8-F9A8EE2CBCD9}.Debug|Any CPU.Build.0 = Debug|Any CPU
		{7B97E216-713F-4391-8BD8-F9A8EE2CBCD9}.Release|Any CPU.ActiveCfg = Release|Any CPU
		{7B97E216-713F-4391-8BD8-F9A8EE2CBCD9}.Release|Any CPU.Build.0 = Release|Any CPU
		{D930C38D-CA4E-4896-9186-779D4B34595A}.Debug|Any CPU.ActiveCfg = Debug|Any CPU
		{D930C38D-CA4E-4896-9186-779D4B34595A}.Debug|Any CPU.Build.0 = Debug|Any CPU
		{D930C38D-CA4E-4896-9186-779D4B34595A}.Release|Any CPU.ActiveCfg = Release|Any CPU
		{D930C38D-CA4E-4896-9186-779D4B34595A}.Release|Any CPU.Build.0 = Release|Any CPU
		{57F260B0-AFBC-433F-9608-6B1270830C6A}.Debug|Any CPU.ActiveCfg = Debug|Any CPU
		{57F260B0-AFBC-433F-9608-6B1270830C6A}.Debug|Any CPU.Build.0 = Debug|Any CPU
		{57F260B0-AFBC-433F-9608-6B1270830C6A}.Release|Any CPU.ActiveCfg = Release|Any CPU
		{57F260B0-AFBC-433F-9608-6B1270830C6A}.Release|Any CPU.Build.0 = Release|Any CPU
		{FCCF0B34-D21A-4A93-A258-ACD47EEBF1F6}.Debug|Any CPU.ActiveCfg = Debug|Any CPU
		{FCCF0B34-D21A-4A93-A258-ACD47EEBF1F6}.Debug|Any CPU.Build.0 = Debug|Any CPU
		{FCCF0B34-D21A-4A93-A258-ACD47EEBF1F6}.Release|Any CPU.ActiveCfg = Release|Any CPU
		{FCCF0B34-D21A-4A93-A258-ACD47EEBF1F6}.Release|Any CPU.Build.0 = Release|Any CPU
	EndGlobalSection
	GlobalSection(SolutionProperties) = preSolution
		HideSolutionNode = FALSE
	EndGlobalSection
	GlobalSection(NestedProjects) = preSolution
		{E465D78E-A583-4F9A-8AD9-DBB3EDD63633} = {3ABDDEF7-F4E2-4F86-B919-710782FE4417}
		{3F42D7B8-1CFD-49A1-8BF9-F811C8271B9A} = {3ABDDEF7-F4E2-4F86-B919-710782FE4417}
		{65C2464D-B5B4-4BFE-9E6D-835A39E143A9} = {3ABDDEF7-F4E2-4F86-B919-710782FE4417}
		{8F6D6436-CD56-4B90-BACE-FDB5EA1377DF} = {83505D0F-C6E3-47F8-89B0-F692FEFCDAC0}
		{5DB2E534-A37E-475C-A45F-1537561A6782} = {83505D0F-C6E3-47F8-89B0-F692FEFCDAC0}
		{B89FBC58-4B72-4CC8-8288-F9D59D14F719} = {83505D0F-C6E3-47F8-89B0-F692FEFCDAC0}
		{DC31502F-66EC-42E5-A925-C69928F7BA1C} = {A328B596-C019-4006-9342-702A92627630}
		{DA6EC2EA-CCD4-4E02-A27A-B7ED6ABD80AB} = {A328B596-C019-4006-9342-702A92627630}
		{98B14254-C56F-47FC-A4B1-4F64B6F5ECAD} = {A328B596-C019-4006-9342-702A92627630}
		{150DA33A-77BD-4DCD-9589-240A1E05F41A} = {52A672DD-C32E-4C5E-8D31-913F36C15C0A}
		{24B75D41-7DB0-496C-ADBC-E1A62DE87F5E} = {52A672DD-C32E-4C5E-8D31-913F36C15C0A}
		{708417DE-A9BC-4082-AE80-972406A3382E} = {52A672DD-C32E-4C5E-8D31-913F36C15C0A}
		{9CF87192-EB7E-4C69-AA3B-FB7A09108C55} = {9334AD7C-E618-4942-8377-BA56931AAB2F}
		{BE6E7BE6-44F7-4F62-8C62-311E553260E4} = {9334AD7C-E618-4942-8377-BA56931AAB2F}
		{437C182E-066E-491E-A5A6-A50A5CE01BCA} = {9334AD7C-E618-4942-8377-BA56931AAB2F}
		{664E9EFA-5574-48D7-9466-41C9537FBF6C} = {165C2CDA-13E7-4AE3-90BA-57CCD6059C04}
		{EDAFB88D-691E-49AF-92E4-10C9CD2174ED} = {165C2CDA-13E7-4AE3-90BA-57CCD6059C04}
		{B12E37F4-E5A7-4EDF-B275-E4A00C926C88} = {9334AD7C-E618-4942-8377-BA56931AAB2F}
		{8282E237-81E9-42A8-92EC-027AD3187E27} = {0F13D36B-DD62-4FE6-9699-D2FBB0420A05}
		{D94FB3B4-4169-41DD-A9AF-DC16EEC97EF8} = {0F13D36B-DD62-4FE6-9699-D2FBB0420A05}
		{7B97E216-713F-4391-8BD8-F9A8EE2CBCD9} = {0F13D36B-DD62-4FE6-9699-D2FBB0420A05}
		{D930C38D-CA4E-4896-9186-779D4B34595A} = {AAA939A4-C52C-4907-A10B-07A61AA41001}
		{57F260B0-AFBC-433F-9608-6B1270830C6A} = {AAA939A4-C52C-4907-A10B-07A61AA41001}
		{FCCF0B34-D21A-4A93-A258-ACD47EEBF1F6} = {AAA939A4-C52C-4907-A10B-07A61AA41001}
	EndGlobalSection
	GlobalSection(ExtensibilityGlobals) = postSolution
		SolutionGuid = {BD60B0A5-2AFD-4366-BDEE-6CF6BF123BBB}
	EndGlobalSection
EndGlobal
