
Microsoft Visual Studio Solution File, Format Version 12.00
# Visual Studio Version 17
VisualStudioVersion = 17.11.35327.3
MinimumVisualStudioVersion = 10.0.40219.1
Project("{2150E333-8FDC-42A3-9474-1A3956D46DE8}") = "Task0", "Task0", "{3ABDDEF7-F4E2-4F86-B919-710782FE4417}"
EndProject
Project("{9A19103F-16F7-4668-BE54-9A1E7A4F7556}") = "Tyuiu.DylginA.Sprint6.Task0.V22.Lib", "Tyuiu.DylginA.Sprint6.Task0.V22.Lib\Tyuiu.DylginA.Sprint6.Task0.V22.Lib.csproj", "{E465D78E-A583-4F9A-8AD9-DBB3EDD63633}"
EndProject
Project("{9A19103F-16F7-4668-BE54-9A1E7A4F7556}") = "Tyuiu.DylginA.Sprint6.Task0.V22.Test", "Tyuiu.DylginA.Sprint6.Task0.V22.Test\Tyuiu.DylginA.Sprint6.Task0.V22.Test.csproj", "{3F42D7B8-1CFD-49A1-8BF9-F811C8271B9A}"
EndProject
Project("{9A19103F-16F7-4668-BE54-9A1E7A4F7556}") = "Tyuiu.DylginA.Sprint6.Task0.V22", "Tyuiu.DylginA.Sprint6.Task0.V22\Tyuiu.DylginA.Sprint6.Task0.V22.csproj", "{65C2464D-B5B4-4BFE-9E6D-835A39E143A9}"
EndProject
Project("{2150E333-8FDC-42A3-9474-1A3956D46DE8}") = "Task1", "Task1", "{83505D0F-C6E3-47F8-89B0-F692FEFCDAC0}"
EndProject
Project("{9A19103F-16F7-4668-BE54-9A1E7A4F7556}") = "Tyuiu.DylginA.Sprint6.Task1.V22", "Tyuiu.DylginA.Sprint6.Task1.V22\Tyuiu.DylginA.Sprint6.Task1.V22.csproj", "{8F6D6436-CD56-4B90-BACE-FDB5EA1377DF}"
EndProject
Project("{9A19103F-16F7-4668-BE54-9A1E7A4F7556}") = "Tyuiu.DylginA.Sprint6.Task1.V22.Lib", "Tyuiu.DylginA.Sprint6.Task1.V22.Lib\Tyuiu.DylginA.Sprint6.Task1.V22.Lib.csproj", "{5DB2E534-A37E-475C-A45F-1537561A6782}"
EndProject
Project("{9A19103F-16F7-4668-BE54-9A1E7A4F7556}") = "Tyuiu.DylginA.Sprint6.Task1.V22.Test", "Tyuiu.DylginA.Sprint6.Task1.V22.Test\Tyuiu.DylginA.Sprint6.Task1.V22.Test.csproj", "{B89FBC58-4B72-4CC8-8288-F9D59D14F719}"
EndProject
Project("{2150E333-8FDC-42A3-9474-1A3956D46DE8}") = "Task2", "Task2", "{0F3BBD92-3973-443F-AEBB-027B9E9DC659}"
EndProject
Project("{FAE04EC0-301F-11D3-BF4B-00C04F79EFBC}") = "Tyuiu.DylginA.Sprint6.Task2.V22", "Tyuiu.DylginA.Sprint6.Task2.V22\Tyuiu.DylginA.Sprint6.Task2.V22.csproj", "{48088B2B-E282-4197-8304-FAADFD68FD5E}"
EndProject
Project("{FAE04EC0-301F-11D3-BF4B-00C04F79EFBC}") = "Tyuiu.DylginA.Sprint6.Task2.V22.Lib", "Tyuiu.DylginA.Sprint6.Task2.V22.Lib\Tyuiu.DylginA.Sprint6.Task2.V22.Lib.csproj", "{1DC76944-B28D-406B-9278-B1EB8E6BD39D}"
EndProject
Project("{FAE04EC0-301F-11D3-BF4B-00C04F79EFBC}") = "Tyuiu.DylginA.Sprint6.Task2.V22.Test", "Tyuiu.DylginA.Sprint6.Task2.V22.Test\Tyuiu.DylginA.Sprint6.Task2.V22.Test.csproj", "{8DE2CE15-A568-488C-952D-8DB22156DD9D}"
EndProject
Global
	GlobalSection(SolutionConfigurationPlatforms) = preSolution
		Debug|Any CPU = Debug|Any CPU
		Release|Any CPU = Release|Any CPU
	EndGlobalSection
	GlobalSection(ProjectConfigurationPlatforms) = postSolution
		{E465D78E-A583-4F9A-8AD9-DBB3EDD63633}.Debug|Any CPU.ActiveCfg = Debug|Any CPU
		{E465D78E-A583-4F9A-8AD9-DBB3EDD63633}.Debug|Any CPU.Build.0 = Debug|Any CPU
		{E465D78E-A583-4F9A-8AD9-DBB3EDD63633}.Release|Any CPU.ActiveCfg = Release|Any CPU
		{E465D78E-A583-4F9A-8AD9-DBB3EDD63633}.Release|Any CPU.Build.0 = Release|Any CPU
		{3F42D7B8-1CFD-49A1-8BF9-F811C8271B9A}.Debug|Any CPU.ActiveCfg = Debug|Any CPU
		{3F42D7B8-1CFD-49A1-8BF9-F811C8271B9A}.Debug|Any CPU.Build.0 = Debug|Any CPU
		{3F42D7B8-1CFD-49A1-8BF9-F811C8271B9A}.Release|Any CPU.ActiveCfg = Release|Any CPU
		{3F42D7B8-1CFD-49A1-8BF9-F811C8271B9A}.Release|Any CPU.Build.0 = Release|Any CPU
		{65C2464D-B5B4-4BFE-9E6D-835A39E143A9}.Debug|Any CPU.ActiveCfg = Debug|Any CPU
		{65C2464D-B5B4-4BFE-9E6D-835A39E143A9}.Debug|Any CPU.Build.0 = Debug|Any CPU
		{65C2464D-B5B4-4BFE-9E6D-835A39E143A9}.Release|Any CPU.ActiveCfg = Release|Any CPU
		{65C2464D-B5B4-4BFE-9E6D-835A39E143A9}.Release|Any CPU.Build.0 = Release|Any CPU
		{8F6D6436-CD56-4B90-BACE-FDB5EA1377DF}.Debug|Any CPU.ActiveCfg = Debug|Any CPU
		{8F6D6436-CD56-4B90-BACE-FDB5EA1377DF}.Debug|Any CPU.Build.0 = Debug|Any CPU
		{8F6D6436-CD56-4B90-BACE-FDB5EA1377DF}.Release|Any CPU.ActiveCfg = Release|Any CPU
		{8F6D6436-CD56-4B90-BACE-FDB5EA1377DF}.Release|Any CPU.Build.0 = Release|Any CPU
		{5DB2E534-A37E-475C-A45F-1537561A6782}.Debug|Any CPU.ActiveCfg = Debug|Any CPU
		{5DB2E534-A37E-475C-A45F-1537561A6782}.Debug|Any CPU.Build.0 = Debug|Any CPU
		{5DB2E534-A37E-475C-A45F-1537561A6782}.Release|Any CPU.ActiveCfg = Release|Any CPU
		{5DB2E534-A37E-475C-A45F-1537561A6782}.Release|Any CPU.Build.0 = Release|Any CPU
		{B89FBC58-4B72-4CC8-8288-F9D59D14F719}.Debug|Any CPU.ActiveCfg = Debug|Any CPU
		{B89FBC58-4B72-4CC8-8288-F9D59D14F719}.Debug|Any CPU.Build.0 = Debug|Any CPU
		{B89FBC58-4B72-4CC8-8288-F9D59D14F719}.Release|Any CPU.ActiveCfg = Release|Any CPU
		{B89FBC58-4B72-4CC8-8288-F9D59D14F719}.Release|Any CPU.Build.0 = Release|Any CPU
		{48088B2B-E282-4197-8304-FAADFD68FD5E}.Debug|Any CPU.ActiveCfg = Debug|Any CPU
		{48088B2B-E282-4197-8304-FAADFD68FD5E}.Debug|Any CPU.Build.0 = Debug|Any CPU
		{48088B2B-E282-4197-8304-FAADFD68FD5E}.Release|Any CPU.ActiveCfg = Release|Any CPU
		{48088B2B-E282-4197-8304-FAADFD68FD5E}.Release|Any CPU.Build.0 = Release|Any CPU
		{1DC76944-B28D-406B-9278-B1EB8E6BD39D}.Debug|Any CPU.ActiveCfg = Debug|Any CPU
		{1DC76944-B28D-406B-9278-B1EB8E6BD39D}.Debug|Any CPU.Build.0 = Debug|Any CPU
		{1DC76944-B28D-406B-9278-B1EB8E6BD39D}.Release|Any CPU.ActiveCfg = Release|Any CPU
		{1DC76944-B28D-406B-9278-B1EB8E6BD39D}.Release|Any CPU.Build.0 = Release|Any CPU
		{8DE2CE15-A568-488C-952D-8DB22156DD9D}.Debug|Any CPU.ActiveCfg = Debug|Any CPU
		{8DE2CE15-A568-488C-952D-8DB22156DD9D}.Debug|Any CPU.Build.0 = Debug|Any CPU
		{8DE2CE15-A568-488C-952D-8DB22156DD9D}.Release|Any CPU.ActiveCfg = Release|Any CPU
		{8DE2CE15-A568-488C-952D-8DB22156DD9D}.Release|Any CPU.Build.0 = Release|Any CPU
	EndGlobalSection
	GlobalSection(SolutionProperties) = preSolution
		HideSolutionNode = FALSE
	EndGlobalSection
	GlobalSection(NestedProjects) = preSolution
		{E465D78E-A583-4F9A-8AD9-DBB3EDD63633} = {3ABDDEF7-F4E2-4F86-B919-710782FE4417}
		{3F42D7B8-1CFD-49A1-8BF9-F811C8271B9A} = {3ABDDEF7-F4E2-4F86-B919-710782FE4417}
		{65C2464D-B5B4-4BFE-9E6D-835A39E143A9} = {3ABDDEF7-F4E2-4F86-B919-710782FE4417}
		{8F6D6436-CD56-4B90-BACE-FDB5EA1377DF} = {83505D0F-C6E3-47F8-89B0-F692FEFCDAC0}
		{B89FBC58-4B72-4CC8-8288-F9D59D14F719} = {83505D0F-C6E3-47F8-89B0-F692FEFCDAC0}
		{48088B2B-E282-4197-8304-FAADFD68FD5E} = {0F3BBD92-3973-443F-AEBB-027B9E9DC659}
		{1DC76944-B28D-406B-9278-B1EB8E6BD39D} = {0F3BBD92-3973-443F-AEBB-027B9E9DC659}
		{8DE2CE15-A568-488C-952D-8DB22156DD9D} = {0F3BBD92-3973-443F-AEBB-027B9E9DC659}
	EndGlobalSection
	GlobalSection(ExtensibilityGlobals) = postSolution
		SolutionGuid = {BD60B0A5-2AFD-4366-BDEE-6CF6BF123BBB}
	EndGlobalSection
EndGlobal
